
Microsoft Visual Studio Solution File, Format Version 12.00
Project("{FAE04EC0-301F-11D3-BF4B-00C04F79EFBC}") = "CafeMsgExtractor", "CafeMsgExtractor\CafeMsgExtractor.csproj", "{755C4328-7A3D-491C-8166-B5CE1A3F2278}"
EndProject
Global
	GlobalSection(SolutionConfigurationPlatforms) = preSolution
		Debug|Any CPU = Debug|Any CPU
		Release|Any CPU = Release|Any CPU
	EndGlobalSection
	GlobalSection(ProjectConfigurationPlatforms) = postSolution
		{755C4328-7A3D-491C-8166-B5CE1A3F2278}.Debug|Any CPU.ActiveCfg = Debug|Any CPU
		{755C4328-7A3D-491C-8166-B5CE1A3F2278}.Debug|Any CPU.Build.0 = Debug|Any CPU
		{755C4328-7A3D-491C-8166-B5CE1A3F2278}.Release|Any CPU.ActiveCfg = Release|Any CPU
		{755C4328-7A3D-491C-8166-B5CE1A3F2278}.Release|Any CPU.Build.0 = Release|Any CPU
	EndGlobalSection
EndGlobal
